
Microsoft Visual Studio Solution File, Format Version 12.00
# Visual Studio 15
VisualStudioVersion = 15.0.27130.2027
MinimumVisualStudioVersion = 10.0.40219.1
Project("{A07B5EB6-E848-4116-A8D0-A826331D98C6}") = "DeviceSimulation", "DeviceSimulation\DeviceSimulation.sfproj", "{2AC48BC1-D08D-49CD-8E35-96796EACA083}"
EndProject
Project("{FAE04EC0-301F-11D3-BF4B-00C04F79EFBC}") = "DeviceSimulator", "DeviceSimulator\DeviceSimulator.csproj", "{06DEF710-EAF2-42D2-A0F1-906061A15022}"
EndProject
Project("{A07B5EB6-E848-4116-A8D0-A826331D98C6}") = "DeviceScenarioLoader", "DeviceScenarioLoader\DeviceScenarioLoader.sfproj", "{6F0524BF-B484-4B53-92F9-95651BFE8C11}"
EndProject
Project("{FAE04EC0-301F-11D3-BF4B-00C04F79EFBC}") = "DeviceGenerator", "DeviceGenerator\DeviceGenerator.csproj", "{CEE75A20-E850-4744-B220-A87022F52D8D}"
EndProject
Project("{FAE04EC0-301F-11D3-BF4B-00C04F79EFBC}") = "DeviceSimulation.Common", "DeviceSimulation.Common\DeviceSimulation.Common.csproj", "{7A2AFCF6-7878-4AAA-B9DD-9D4D37178F17}"
EndProject
Project("{2150E333-8FDC-42A3-9474-1A3956D46DE8}") = "Solution Items", "Solution Items", "{0C407237-BC4F-4D71-904A-49DAFA7AED42}"
	ProjectSection(SolutionItems) = preProject
		..\README.md = ..\README.md
	EndProjectSection
EndProject
Global
	GlobalSection(SolutionConfigurationPlatforms) = preSolution
		Debug|Any CPU = Debug|Any CPU
		Debug|x64 = Debug|x64
		Release|Any CPU = Release|Any CPU
		Release|x64 = Release|x64
	EndGlobalSection
	GlobalSection(ProjectConfigurationPlatforms) = postSolution
		{2AC48BC1-D08D-49CD-8E35-96796EACA083}.Debug|Any CPU.ActiveCfg = Debug|x64
		{2AC48BC1-D08D-49CD-8E35-96796EACA083}.Debug|x64.ActiveCfg = Debug|x64
		{2AC48BC1-D08D-49CD-8E35-96796EACA083}.Debug|x64.Build.0 = Debug|x64
		{2AC48BC1-D08D-49CD-8E35-96796EACA083}.Debug|x64.Deploy.0 = Debug|x64
		{2AC48BC1-D08D-49CD-8E35-96796EACA083}.Release|Any CPU.ActiveCfg = Release|x64
		{2AC48BC1-D08D-49CD-8E35-96796EACA083}.Release|x64.ActiveCfg = Release|x64
		{2AC48BC1-D08D-49CD-8E35-96796EACA083}.Release|x64.Build.0 = Release|x64
		{2AC48BC1-D08D-49CD-8E35-96796EACA083}.Release|x64.Deploy.0 = Release|x64
		{06DEF710-EAF2-42D2-A0F1-906061A15022}.Debug|Any CPU.ActiveCfg = Debug|x64
		{06DEF710-EAF2-42D2-A0F1-906061A15022}.Debug|x64.ActiveCfg = Debug|x64
		{06DEF710-EAF2-42D2-A0F1-906061A15022}.Debug|x64.Build.0 = Debug|x64
		{06DEF710-EAF2-42D2-A0F1-906061A15022}.Release|Any CPU.ActiveCfg = Release|x64
		{06DEF710-EAF2-42D2-A0F1-906061A15022}.Release|x64.ActiveCfg = Release|x64
		{06DEF710-EAF2-42D2-A0F1-906061A15022}.Release|x64.Build.0 = Release|x64
		{6F0524BF-B484-4B53-92F9-95651BFE8C11}.Debug|Any CPU.ActiveCfg = Debug|x64
		{6F0524BF-B484-4B53-92F9-95651BFE8C11}.Debug|x64.ActiveCfg = Debug|x64
		{6F0524BF-B484-4B53-92F9-95651BFE8C11}.Debug|x64.Build.0 = Debug|x64
		{6F0524BF-B484-4B53-92F9-95651BFE8C11}.Debug|x64.Deploy.0 = Debug|x64
		{6F0524BF-B484-4B53-92F9-95651BFE8C11}.Release|Any CPU.ActiveCfg = Release|x64
		{6F0524BF-B484-4B53-92F9-95651BFE8C11}.Release|x64.ActiveCfg = Release|x64
		{6F0524BF-B484-4B53-92F9-95651BFE8C11}.Release|x64.Build.0 = Release|x64
		{6F0524BF-B484-4B53-92F9-95651BFE8C11}.Release|x64.Deploy.0 = Release|x64
		{CEE75A20-E850-4744-B220-A87022F52D8D}.Debug|Any CPU.ActiveCfg = Debug|x64
		{CEE75A20-E850-4744-B220-A87022F52D8D}.Debug|x64.ActiveCfg = Debug|x64
		{CEE75A20-E850-4744-B220-A87022F52D8D}.Debug|x64.Build.0 = Debug|x64
		{CEE75A20-E850-4744-B220-A87022F52D8D}.Release|Any CPU.ActiveCfg = Release|x64
		{CEE75A20-E850-4744-B220-A87022F52D8D}.Release|x64.ActiveCfg = Release|x64
		{CEE75A20-E850-4744-B220-A87022F52D8D}.Release|x64.Build.0 = Release|x64
		{7A2AFCF6-7878-4AAA-B9DD-9D4D37178F17}.Debug|Any CPU.ActiveCfg = Debug|Any CPU
		{7A2AFCF6-7878-4AAA-B9DD-9D4D37178F17}.Debug|Any CPU.Build.0 = Debug|Any CPU
		{7A2AFCF6-7878-4AAA-B9DD-9D4D37178F17}.Debug|x64.ActiveCfg = Debug|Any CPU
		{7A2AFCF6-7878-4AAA-B9DD-9D4D37178F17}.Debug|x64.Build.0 = Debug|Any CPU
		{7A2AFCF6-7878-4AAA-B9DD-9D4D37178F17}.Release|Any CPU.ActiveCfg = Release|Any CPU
		{7A2AFCF6-7878-4AAA-B9DD-9D4D37178F17}.Release|Any CPU.Build.0 = Release|Any CPU
		{7A2AFCF6-7878-4AAA-B9DD-9D4D37178F17}.Release|x64.ActiveCfg = Release|Any CPU
		{7A2AFCF6-7878-4AAA-B9DD-9D4D37178F17}.Release|x64.Build.0 = Release|Any CPU
	EndGlobalSection
	GlobalSection(SolutionProperties) = preSolution
		HideSolutionNode = FALSE
	EndGlobalSection
	GlobalSection(ExtensibilityGlobals) = postSolution
		SolutionGuid = {948E18A9-E088-41C4-B526-61ABAFF644FB}
		EnterpriseLibraryConfigurationToolBinariesPathV6 = packages\EnterpriseLibrary.TransientFaultHandling.6.0.1304.0\lib\portable-net45+win+wp8
	EndGlobalSection
EndGlobal
